
Microsoft Visual Studio Solution File, Format Version 12.00
# Visual Studio Version 17
VisualStudioVersion = 17.5.33414.496
MinimumVisualStudioVersion = 10.0.40219.1
Project("{FAE04EC0-301F-11D3-BF4B-00C04F79EFBC}") = "Blackfinch", "Blackfinch\Blackfinch.csproj", "{DA1EFFDD-03D3-406B-BAC3-5CDBDC2A8534}"
EndProject
Project("{FAE04EC0-301F-11D3-BF4B-00C04F79EFBC}") = "BlackfinchTest", "BlackfinchTest\BlackfinchTest.csproj", "{7827436E-5A01-45A9-8DF5-1B1C1C6007DE}"
EndProject
Global
	GlobalSection(SolutionConfigurationPlatforms) = preSolution
		Debug|Any CPU = Debug|Any CPU
		Release|Any CPU = Release|Any CPU
	EndGlobalSection
	GlobalSection(ProjectConfigurationPlatforms) = postSolution
		{DA1EFFDD-03D3-406B-BAC3-5CDBDC2A8534}.Debug|Any CPU.ActiveCfg = Debug|Any CPU
		{DA1EFFDD-03D3-406B-BAC3-5CDBDC2A8534}.Debug|Any CPU.Build.0 = Debug|Any CPU
		{DA1EFFDD-03D3-406B-BAC3-5CDBDC2A8534}.Release|Any CPU.ActiveCfg = Release|Any CPU
		{DA1EFFDD-03D3-406B-BAC3-5CDBDC2A8534}.Release|Any CPU.Build.0 = Release|Any CPU
		{7827436E-5A01-45A9-8DF5-1B1C1C6007DE}.Debug|Any CPU.ActiveCfg = Debug|Any CPU
		{7827436E-5A01-45A9-8DF5-1B1C1C6007DE}.Debug|Any CPU.Build.0 = Debug|Any CPU
		{7827436E-5A01-45A9-8DF5-1B1C1C6007DE}.Release|Any CPU.ActiveCfg = Release|Any CPU
		{7827436E-5A01-45A9-8DF5-1B1C1C6007DE}.Release|Any CPU.Build.0 = Release|Any CPU
	EndGlobalSection
	GlobalSection(SolutionProperties) = preSolution
		HideSolutionNode = FALSE
	EndGlobalSection
	GlobalSection(ExtensibilityGlobals) = postSolution
		SolutionGuid = {0FA8FB1F-8CF0-47B4-BAC2-6ACA67F1AEEC}
	EndGlobalSection
EndGlobal
